PODS:
  - DHTTableViewManager (0.1.0)

DEPENDENCIES:
  - DHTTableViewManager (from `../`)

EXTERNAL SOURCES:
  DHTTableViewManager:
    :path: "../"

SPEC CHECKSUMS:
  DHTTableViewManager: 3f7b564c245a06f68c9733b80b74ec0c4aa7e12b

PODFILE CHECKSUM: dc57100ed81bd9e7cdda5c3ccf906e41fbd19f3f

COCOAPODS: 1.9.3
