PODS:
  - DHTTableViewManager (0.1.1)
  - SnapKit (4.2.0)

DEPENDENCIES:
  - DHTTableViewManager (from `../`)
  - SnapKit

SPEC REPOS:
  trunk:
    - SnapKit

EXTERNAL SOURCES:
  DHTTableViewManager:
    :path: "../"

SPEC CHECKSUMS:
  DHTTableViewManager: d5120e6487943348fab75d7caf90e974dfbe30a9
  SnapKit: fe8a619752f3f27075cc9a90244d75c6c3f27e2a

PODFILE CHECKSUM: d4052e73646246522eb45b2ea5391a4a7d7746ad

COCOAPODS: 1.9.3
